# platform: osx-64
# env_hash: a6a2c9de9e5a9ab02167b2e7bfaf9519614b1a63995e1caa9ae1d1aef054db63
@EXPLICIT
https://conda.anaconda.org/conda-forge/osx-64/ca-certificates-2021.5.30-h033912b_0.tar.bz2#2377a0c58b5ffe92d70b7bdcd833e8ff
https://conda.anaconda.org/conda-forge/osx-64/jbig-2.1-h0d85af4_2003.tar.bz2#4d76d11d3a256931926099498aa3565b
https://conda.anaconda.org/conda-forge/osx-64/jpeg-9d-hbcb3906_0.tar.bz2#ff6fba028f282f94ceb10597d58a56e8
https://conda.anaconda.org/conda-forge/osx-64/libcxx-11.1.0-habf9029_0.tar.bz2#a88609e545f948a404419c65cd96fa1a
https://conda.anaconda.org/conda-forge/osx-64/libdeflate-1.7-h35c211d_5.tar.bz2#6608b6a46fd4555b5c83cda6171cc694
https://conda.anaconda.org/conda-forge/osx-64/libiconv-1.16-haf1e3a3_0.tar.bz2#c5fab167412a52e491c8e11453ae016f
https://conda.anaconda.org/conda-forge/osx-64/libsodium-1.0.18-hbcb3906_1.tar.bz2#24632c09ed931af617fe6d5292919cab
https://conda.anaconda.org/conda-forge/osx-64/libwebp-base-1.2.0-h0d85af4_2.tar.bz2#a5d807d5f16967981d45d6f33621f580
https://conda.anaconda.org/conda-forge/osx-64/llvm-openmp-11.1.0-hda6cdc1_1.tar.bz2#ca57c0d989dda699ee387581f781e239
https://conda.anaconda.org/conda-forge/osx-64/ncurses-6.2-h2e338ed_4.tar.bz2#9cef1910395d1543527583e73dba30f1
https://conda.anaconda.org/conda-forge/osx-64/pandoc-2.14.0.1-h0d85af4_0.tar.bz2#d3e99917c41670ace6e9fc3407a88e71
https://conda.anaconda.org/conda-forge/noarch/tzdata-2021a-he74cb21_0.tar.bz2#6f36861f102249fc54861ff9343c3fdd
https://conda.anaconda.org/conda-forge/osx-64/xz-5.2.5-haf1e3a3_1.tar.bz2#41116deb499e9bc58048c297d6403ce6
https://conda.anaconda.org/conda-forge/osx-64/zlib-1.2.11-h7795811_1010.tar.bz2#7d39e47e16ed0107f37c7224d5b5be8b
https://conda.anaconda.org/conda-forge/osx-64/icu-68.1-h74dc148_0.tar.bz2#e4e7f8580abd1275ea2250fe606b66ac
https://conda.anaconda.org/conda-forge/osx-64/lerc-2.2.1-h046ec9c_0.tar.bz2#2b4abd282f644dc51225fa9b90218567
https://conda.anaconda.org/conda-forge/osx-64/libffi-3.3-h046ec9c_2.tar.bz2#c7a196accaf92d40985d5c9b4d14f9cb
https://conda.anaconda.org/conda-forge/osx-64/libgfortran5-9.3.0-h6c81a4c_22.tar.bz2#15c2a786898e345e3865008236d50799
https://conda.anaconda.org/conda-forge/osx-64/libpng-1.6.37-h7cec526_2.tar.bz2#9e52521faba2b53269672628d34e1513
https://conda.anaconda.org/conda-forge/osx-64/lz4-c-1.9.3-h046ec9c_0.tar.bz2#7f13d69c1b7989b85029efb6f3e35af9
https://conda.anaconda.org/conda-forge/osx-64/openssl-1.1.1k-h0d85af4_0.tar.bz2#f9582eb16f4e3bc7932995e122f30a74
https://conda.anaconda.org/conda-forge/osx-64/readline-8.1-h05e3726_0.tar.bz2#2832e9b6a7caa7cb192fcda6cfcd8871
https://conda.anaconda.org/conda-forge/osx-64/tk-8.6.10-h0419947_1.tar.bz2#9a79a432473acddd936ff8bab8b86145
https://conda.anaconda.org/conda-forge/osx-64/zeromq-4.3.4-h1c7c35f_0.tar.bz2#2af55e3523e9210b2b2dff5855fb5382
https://conda.anaconda.org/conda-forge/osx-64/freetype-2.10.4-h4cff582_1.tar.bz2#5a136a432c6062362cd7990c514bd8d6
https://conda.anaconda.org/conda-forge/osx-64/libgfortran-5.0.0-9_3_0_h6c81a4c_22.tar.bz2#2a96d438e9b3b5ece940211a4259d3e3
https://conda.anaconda.org/conda-forge/osx-64/libxml2-2.9.12-h93ec3fd_0.tar.bz2#3bb7e5cd72ee6520ce6e26600a1283db
https://conda.anaconda.org/conda-forge/osx-64/sqlite-3.35.5-h44b9ce1_0.tar.bz2#2c2013573c0ebe9eb400f483de607360
https://conda.anaconda.org/conda-forge/osx-64/zstd-1.5.0-h582d3a0_0.tar.bz2#96a04eeb0146059f0c2d63491f77d6d0
https://conda.anaconda.org/conda-forge/osx-64/libopenblas-0.3.15-openmp_h5e1b9a4_1.tar.bz2#df1dd059a5754ae66b26755d9edd3037
https://conda.anaconda.org/conda-forge/osx-64/libtiff-4.3.0-h1167814_1.tar.bz2#f189eeda45133c4f5cd73a8e7ebb7019
https://conda.anaconda.org/conda-forge/osx-64/libxslt-1.1.33-h5739fc3_2.tar.bz2#14333dae9eef1116162a1bb6119d3537
https://conda.anaconda.org/conda-forge/osx-64/python-3.9.4-h9133fd0_0_cpython.tar.bz2#e644663ab2c019457a135e71637f90b0
https://conda.anaconda.org/conda-forge/noarch/async-lru-1.0.2-py_0.tar.bz2#dcc84dda841e94d88a1aeba2064b236f
https://conda.anaconda.org/conda-forge/noarch/async_generator-1.10-py_0.tar.bz2#d56c596e61b1c4952acf0a9920856c12
https://conda.anaconda.org/conda-forge/noarch/attrs-21.2.0-pyhd8ed1ab_0.tar.bz2#d2e1c7f388ac403df7079b411c37cc50
https://conda.anaconda.org/conda-forge/noarch/backcall-0.2.0-pyh9f0ad1d_0.tar.bz2#6006a6d08a3fa99268a2681c7fb55213
https://conda.anaconda.org/conda-forge/noarch/backports-1.0-py_2.tar.bz2#0da16b293affa6ac31812376f8eb79dd
https://conda.anaconda.org/conda-forge/noarch/cachetools-4.2.2-pyhd8ed1ab_0.tar.bz2#26fd593682debe36bcaa720763015d75
https://conda.anaconda.org/conda-forge/noarch/decorator-4.4.2-py_0.tar.bz2#d2eabb9cabd212e1ec6a9463bd846243
https://conda.anaconda.org/conda-forge/noarch/defusedxml-0.7.1-pyhd8ed1ab_0.tar.bz2#961b3a227b437d82ad7054484cfa71b2
https://conda.anaconda.org/conda-forge/noarch/entrypoints-0.3-pyhd8ed1ab_1003.tar.bz2#bbf9a201f6ce99a506f4955374d9a9f4
https://conda.anaconda.org/conda-forge/noarch/frozendict-1.2-pyh9f0ad1d_3.tar.bz2#6916a506e34f8f17382f5abf3e6368bb
https://conda.anaconda.org/conda-forge/noarch/idna-2.10-pyh9f0ad1d_0.tar.bz2#f95a12b4f435aae6680fe55ae2eb1b06
https://conda.anaconda.org/conda-forge/noarch/ipython_genutils-0.2.0-py_1.tar.bz2#5071c982548b3a20caf70462f04f5287
https://conda.anaconda.org/conda-forge/noarch/json5-0.9.5-pyh9f0ad1d_0.tar.bz2#10759827a94e6b14996e81fb002c0bda
https://conda.anaconda.org/conda-forge/noarch/jsonpointer-2.0-py_0.tar.bz2#07d85c22a3beb102a48cd123df84c2a6
https://conda.anaconda.org/conda-forge/noarch/jupyterlab_widgets-1.0.0-pyhd8ed1ab_1.tar.bz2#f8da92114c8fbe1d951b0efaf54dd14b
https://conda.anaconda.org/conda-forge/osx-64/lcms2-2.12-h577c468_0.tar.bz2#abce77b852b73670e85e104746b0ea1b
https://conda.anaconda.org/conda-forge/osx-64/libblas-3.9.0-9_openblas.tar.bz2#18bd6d171a80f1fefbad09cfda003840
https://conda.anaconda.org/conda-forge/noarch/nest-asyncio-1.5.1-pyhd8ed1ab_0.tar.bz2#47a51a5b8f9cc41004c8d7bd88b62447
https://conda.anaconda.org/conda-forge/noarch/olefile-0.46-pyh9f0ad1d_1.tar.bz2#0b2e68acc8c78c8cc392b90983481f58
https://conda.anaconda.org/conda-forge/osx-64/openjpeg-2.4.0-h6e7aa92_1.tar.bz2#c8cbb6d99f6467246ac26a139256e50f
https://conda.anaconda.org/conda-forge/noarch/pandocfilters-1.4.2-py_1.tar.bz2#ba6f4a308f1ea22abe1d72e72544af76
https://conda.anaconda.org/conda-forge/noarch/parso-0.8.2-pyhd8ed1ab_0.tar.bz2#fb40b157bd62b457a1cc82527b63f0b0
https://conda.anaconda.org/conda-forge/noarch/pickleshare-0.7.5-py_1003.tar.bz2#415f0ebb6198cc2801c73438a9fb5761
https://conda.anaconda.org/conda-forge/noarch/prometheus_client-0.11.0-pyhd8ed1ab_0.tar.bz2#01f530bf82d9f589c2087b8c347d5e29
https://conda.anaconda.org/conda-forge/noarch/ptyprocess-0.7.0-pyhd3deb0d_0.tar.bz2#359eeb6536da0e687af562ed265ec263
https://conda.anaconda.org/conda-forge/noarch/pycparser-2.20-pyh9f0ad1d_2.tar.bz2#aa798d50ffd182a0f6f31478c7f434f6
https://conda.anaconda.org/conda-forge/noarch/pyparsing-2.4.7-pyh9f0ad1d_0.tar.bz2#626c4f20d5bf06dcec9cf2eaa31725c7
https://conda.anaconda.org/conda-forge/osx-64/python_abi-3.9-1_cp39.tar.bz2#538aaaaa7300d8cefba993d78a390592
https://conda.anaconda.org/conda-forge/noarch/pytz-2021.1-pyhd8ed1ab_0.tar.bz2#3af2e9424d5eb0063824a3f9b850d411
https://conda.anaconda.org/conda-forge/noarch/send2trash-1.5.0-py_0.tar.bz2#c3779037a635e1150f1c53c28b875949
https://conda.anaconda.org/conda-forge/noarch/six-1.16.0-pyh6c4a22f_0.tar.bz2#e5f25f8dbc060e9a8d912e432202afc2
https://conda.anaconda.org/conda-forge/noarch/tabulate-0.8.9-pyhd8ed1ab_0.tar.bz2#ee657dbe69e892aeccde7cabb4edf261
https://conda.anaconda.org/conda-forge/noarch/testpath-0.5.0-pyhd8ed1ab_0.tar.bz2#53b57d6a468bebc7cef1253b177a5e9e
https://conda.anaconda.org/conda-forge/noarch/webencodings-0.5.1-py_1.tar.bz2#3563be4c5611a44210d9ba0c16113136
https://conda.anaconda.org/conda-forge/noarch/zipp-3.4.1-pyhd8ed1ab_0.tar.bz2#a4fa30eb74a326092b3d8078b1f1aae1
https://conda.anaconda.org/conda-forge/osx-64/appnope-0.1.2-py39h6e9494a_1.tar.bz2#d9b6464e55c4d9a7757c6294b8673400
https://conda.anaconda.org/conda-forge/noarch/babel-2.9.1-pyh44b312d_0.tar.bz2#74136ed39bfea0832d338df1e58d013e
https://conda.anaconda.org/conda-forge/osx-64/certifi-2021.5.30-py39h6e9494a_0.tar.bz2#f5946ac7fd793702380bfcb90a353a0f
https://conda.anaconda.org/conda-forge/osx-64/cffi-1.14.5-py39h319c39b_0.tar.bz2#b0a3dd59564481b695c7d9caa536689d
https://conda.anaconda.org/conda-forge/osx-64/chardet-4.0.0-py39h6e9494a_1.tar.bz2#f514d534fca0f9876720954703250c88
https://conda.anaconda.org/conda-forge/noarch/cycler-0.10.0-py_2.tar.bz2#f6d7c7e6d8f42cbbec7e07a8d879f91c
https://conda.anaconda.org/conda-forge/noarch/html5lib-1.1-pyh9f0ad1d_0.tar.bz2#b2355343d6315c892543200231d7154a
https://conda.anaconda.org/conda-forge/osx-64/importlib-metadata-4.5.0-py39h6e9494a_0.tar.bz2#f3bd160b80e9074caa1444cf15d2c5d4
https://conda.anaconda.org/conda-forge/noarch/isodate-0.6.0-py_1.tar.bz2#ed67bac5a0224c66cbc0b58ffe7ebd47
https://conda.anaconda.org/conda-forge/osx-64/jedi-0.18.0-py39h6e9494a_2.tar.bz2#e744e49642242ea6ab59b56d11df9466
https://conda.anaconda.org/conda-forge/osx-64/keepalive-0.5-py39h6e9494a_5.tar.bz2#43beac10d8293bcf51b3d44804e6c1a0
https://conda.anaconda.org/conda-forge/osx-64/kiwisolver-1.3.1-py39hedf5dff_1.tar.bz2#7953823f52fe5497c75bfe5ff158cdd8
https://conda.anaconda.org/conda-forge/osx-64/libcblas-3.9.0-9_openblas.tar.bz2#29ce1ba7a9eb9aff4f65fa9e63d89c81
https://conda.anaconda.org/conda-forge/osx-64/liblapack-3.9.0-9_openblas.tar.bz2#4864f19fafd76c5ac7771f4942682bc1
https://conda.anaconda.org/conda-forge/osx-64/lxml-4.6.3-py39hf41e7f8_0.tar.bz2#17e238000c1ed9e5324c51e9f5448c5c
https://conda.anaconda.org/conda-forge/osx-64/markupsafe-2.0.1-py39h89e85a6_0.tar.bz2#573ebdf373782a914d363f58da4edf20
https://conda.anaconda.org/conda-forge/osx-64/mistune-0.8.4-py39hcbf5805_1003.tar.bz2#ae2b02f1628d47de9dd7f0e921ba0857
https://conda.anaconda.org/conda-forge/noarch/networkx-2.5.1-pyhd8ed1ab_0.tar.bz2#c949bad9afedd108f9c6a00faa93e8e2
https://conda.anaconda.org/conda-forge/noarch/packaging-20.9-pyh44b312d_0.tar.bz2#be69a38e912054a62dc82cc3c7711a64
https://conda.anaconda.org/conda-forge/noarch/pexpect-4.8.0-pyh9f0ad1d_2.tar.bz2#5909e7b978141dd80d28dbf9de627827
https://conda.anaconda.org/conda-forge/osx-64/pillow-8.2.0-py39h5fdd921_1.tar.bz2#b7a78c9eb873fb1a5d44f5892c65a3bb
https://conda.anaconda.org/conda-forge/osx-64/pyrsistent-0.17.3-py39hcbf5805_2.tar.bz2#29e423536721a334a225c86627575302
https://conda.anaconda.org/conda-forge/osx-64/pysocks-1.7.1-py39h6e9494a_3.tar.bz2#9badaee0fe9f61aa4794987f88e543fe
https://conda.anaconda.org/conda-forge/noarch/python-dateutil-2.8.1-py_0.tar.bz2#0d0150ed9c2d25817f5324108d3f7571
https://conda.anaconda.org/conda-forge/osx-64/pyzmq-22.1.0-py39h7fec2f1_0.tar.bz2#8f99e42a5d9c05c0e2008312f336f482
https://conda.anaconda.org/conda-forge/osx-64/ruamel.yaml.clib-0.2.2-py39hcbf5805_2.tar.bz2#430e9052a0e6d45bb7426fba8635a244
https://conda.anaconda.org/conda-forge/osx-64/sniffio-1.2.0-py39h6e9494a_1.tar.bz2#87b5527d122577e0f35273a6c35acb3c
https://conda.anaconda.org/conda-forge/osx-64/tornado-6.1-py39hcbf5805_1.tar.bz2#0cf5e7624c99a7bdb806ed665eac145a
https://conda.anaconda.org/conda-forge/noarch/traitlets-5.0.5-py_0.tar.bz2#99618ee9ab1323e40f231acdab92fe60
https://conda.anaconda.org/conda-forge/osx-64/websocket-client-0.57.0-py39h6e9494a_4.tar.bz2#c805c25507bb4b90dc949581e756fb7d
https://conda.anaconda.org/conda-forge/osx-64/anyio-3.1.0-py39h6e9494a_0.tar.bz2#d42b3a6e77fad6360537ad2e13a712c9
https://conda.anaconda.org/conda-forge/osx-64/argon2-cffi-20.1.0-py39hcbf5805_2.tar.bz2#1106a80ffb76cbedbe50ea94f320ba3b
https://conda.anaconda.org/conda-forge/osx-64/brotlipy-0.7.0-py39hcbf5805_1001.tar.bz2#24ceea6c1d2bd117e13d3830a065f843
https://conda.anaconda.org/conda-forge/osx-64/cryptography-3.4.7-py39ha2c9959_0.tar.bz2#2c4542d3abca07b2b7263e15c85917db
https://conda.anaconda.org/conda-forge/noarch/jinja2-3.0.1-pyhd8ed1ab_0.tar.bz2#c647e77921fd3e245cdcc5b2d451a0f8
https://conda.anaconda.org/conda-forge/osx-64/jupyter_core-4.7.1-py39h6e9494a_0.tar.bz2#a8ffa3668c29198baa6a6d42cce93f81
https://conda.anaconda.org/conda-forge/noarch/matplotlib-inline-0.1.2-pyhd8ed1ab_2.tar.bz2#0967e1db58b16e416464ca399f87df79
https://conda.anaconda.org/conda-forge/osx-64/numpy-1.20.3-py39h7eed0ac_1.tar.bz2#bddfa36e229609211f000ce6c1b6db5b
https://conda.anaconda.org/conda-forge/osx-64/setuptools-49.6.0-py39h6e9494a_3.tar.bz2#f4f757b28d82aae4f8c7f5aac5c9e477
https://conda.anaconda.org/conda-forge/osx-64/sparqlwrapper-1.8.5-py39h6e9494a_1005.tar.bz2#3bbaa86c1fd3e2fbac64549989a261e2
https://conda.anaconda.org/conda-forge/osx-64/terminado-0.10.1-py39h6e9494a_0.tar.bz2#517a6ef3e72682c73c72a82432e89a4d
https://conda.anaconda.org/conda-forge/noarch/backports.functools_lru_cache-1.6.4-pyhd8ed1ab_0.tar.bz2#c5b3edc62d6309088f4970b3eaaa65a6
https://conda.anaconda.org/conda-forge/noarch/bleach-3.3.0-pyh44b312d_0.tar.bz2#abf6b76c39358ca36ca706c46f054f2a
https://conda.anaconda.org/conda-forge/noarch/jsonschema-3.2.0-pyhd8ed1ab_3.tar.bz2#66125e28711d8ffc04a207a2b170316d
https://conda.anaconda.org/conda-forge/noarch/jupyter_client-6.1.12-pyhd8ed1ab_0.tar.bz2#f58b38ddb9f94fa3cafea4ba2b17f93b
https://conda.anaconda.org/conda-forge/osx-64/matplotlib-base-3.4.2-py39hb07454d_0.tar.bz2#c7893d6e9b11dc9c1f7c4b85b092f443
https://conda.anaconda.org/conda-forge/noarch/pygments-2.9.0-pyhd8ed1ab_0.tar.bz2#a2d9bba43c9b80a42b0ccb9afd7223c2
https://conda.anaconda.org/conda-forge/noarch/pyopenssl-20.0.1-pyhd8ed1ab_0.tar.bz2#92371c25994d0f5d28a01c1fb75ebf86
https://conda.anaconda.org/conda-forge/osx-64/ruamel.yaml-0.17.9-py39h89e85a6_0.tar.bz2#099c1bad30836450e17c9216741b12e8
https://conda.anaconda.org/conda-forge/osx-64/scipy-1.6.3-py39h056f1c0_0.tar.bz2#328f8602a4fe1d9f22a9bb12bf12dac0
https://conda.anaconda.org/conda-forge/noarch/jupyterlab_pygments-0.1.2-pyh9f0ad1d_0.tar.bz2#2cbd910890bb328e8959246a1e16fac7
https://conda.anaconda.org/conda-forge/osx-64/matplotlib-3.4.2-py39h6e9494a_0.tar.bz2#02e1440aa0134f66caf051ca2aad2ca3
https://conda.anaconda.org/conda-forge/noarch/nbformat-5.1.3-pyhd8ed1ab_0.tar.bz2#bafa5df6d4f8db69a4d197b4657127e7
https://conda.anaconda.org/conda-forge/noarch/pydoe2-1.3.0-py_0.tar.bz2#aaf48723eae43ebf7f119a27b4f6928c
https://conda.anaconda.org/conda-forge/noarch/urllib3-1.26.5-pyhd8ed1ab_0.tar.bz2#36f0ca66d6dd09423e5c2551148d45cd
https://conda.anaconda.org/conda-forge/noarch/wcwidth-0.2.5-pyh9f0ad1d_2.tar.bz2#5266fcd697043c59621fda522b3d78ee
https://conda.anaconda.org/conda-forge/noarch/nbclient-0.5.3-pyhd8ed1ab_0.tar.bz2#67f12831640fde52fe9be1bbc6b699e7
https://conda.anaconda.org/conda-forge/noarch/prompt-toolkit-3.0.18-pyha770c72_0.tar.bz2#aa44d0f71016061e83df1126764acdb7
https://conda.anaconda.org/conda-forge/noarch/requests-2.25.1-pyhd3deb0d_0.tar.bz2#ae687aba31a1c400192a86a2e993ffdc
https://conda.anaconda.org/conda-forge/osx-64/ipython-7.24.1-py39h71a6800_0.tar.bz2#2cbe3642d3128f0d8bfd62be8a48abda
https://conda.anaconda.org/conda-forge/osx-64/nbconvert-6.0.7-py39h6e9494a_3.tar.bz2#14a4ff0e0403281a570d7dcd86b4c630
https://conda.anaconda.org/conda-forge/noarch/openmdao-3.9.2-pyhd8ed1ab_0.tar.bz2#cb7c8ac15fd6f3332e1e49b95f5fccb7
https://conda.anaconda.org/conda-forge/noarch/pyld-2.0.3-pyh9f0ad1d_0.tar.bz2#41ef210f5d38914f7c349f3698befe15
https://conda.anaconda.org/conda-forge/osx-64/rdflib-5.0.0-py39h6e9494a_3.tar.bz2#59bc35660cd2e38369cfbdca5a9ce4dd
https://conda.anaconda.org/conda-forge/osx-64/ipykernel-5.5.5-py39h71a6800_0.tar.bz2#6da8e6bff1bebea152add39be995e6fb
https://conda.anaconda.org/conda-forge/noarch/jupyter_server-1.8.0-pyhd8ed1ab_0.tar.bz2#969aeead1aa6309d60dfcf19125ebd04
https://conda.anaconda.org/conda-forge/osx-64/rdflib-jsonld-0.5.0-py39h6e9494a_2.tar.bz2#6bef3f95370c0895f3921cd325b0171b
https://conda.anaconda.org/conda-forge/noarch/jupyterlab_server-2.6.0-pyhd8ed1ab_0.tar.bz2#62e29ad8a1c72f2ec56dffef91870fe3
https://conda.anaconda.org/conda-forge/noarch/notebook-6.4.0-pyha770c72_0.tar.bz2#1edbf3ee7482e201e572db0211e17f30
https://conda.anaconda.org/conda-forge/noarch/nbclassic-0.3.1-pyhd8ed1ab_1.tar.bz2#aa4f94da9fafb5b774493b26b631ad3f
https://conda.anaconda.org/conda-forge/osx-64/widgetsnbextension-3.5.1-py39h6e9494a_4.tar.bz2#b494a8a3cfb8ee5418d5756547d94682
https://conda.anaconda.org/conda-forge/noarch/ipywidgets-7.6.3-pyhd3deb0d_0.tar.bz2#536a9ed6d9e740f2b83d1a3c388e4388
https://conda.anaconda.org/conda-forge/noarch/jupyterlab-3.0.16-pyhd8ed1ab_0.tar.bz2#48c10ee082d1649df09476e55bdc84e9
https://conda.anaconda.org/conda-forge/noarch/ipyelk-1.0.0-pyhd8ed1ab_0.tar.bz2#d75fed3e3e35ef7a2061c7c69fe98aa3
https://conda.anaconda.org/conda-forge/noarch/ipytree-0.2.1-pyhd8ed1ab_0.tar.bz2#e3102a6d6aae89bc6d8e3e2f0fc7f7c9
https://conda.anaconda.org/conda-forge/noarch/wxyz_core-0.5.1-pyhd8ed1ab_0.tar.bz2#54d46313b38988fe86ea8db8691569f6
https://conda.anaconda.org/conda-forge/noarch/wxyz_lab-0.5.1-pyhd8ed1ab_0.tar.bz2#7d34679d9192786df49aa1a90c2dbdd3
